// !$*UTF8*$!
{
	archiveVersion = 1;
	classes = {
	};
	objectVersion = 46;
	objects = {

/* Begin PBXBuildFile section */
		0A46DC981C48AF270092C76B /* STPopup.framework in Frameworks */ = {isa = PBXBuildFile; fileRef = 76D822811C1DBDB800FCF988 /* STPopup.framework */; };
		0A46DC991C48AF270092C76B /* STPopup.framework in Embed Frameworks */ = {isa = PBXBuildFile; fileRef = 76D822811C1DBDB800FCF988 /* STPopup.framework */; settings = {ATTRIBUTES = (CodeSignOnCopy, RemoveHeadersOnCopy, ); }; };
		763128D21BCA9EE8009C5D7E /* BottomSheetDemoViewController.m in Sources */ = {isa = PBXBuildFile; fileRef = 763128D11BCA9EE8009C5D7E /* BottomSheetDemoViewController.m */; };
		763128D51BCAA3C5009C5D7E /* MultiSelectionViewController.m in Sources */ = {isa = PBXBuildFile; fileRef = 763128D41BCAA3C5009C5D7E /* MultiSelectionViewController.m */; };
		766A9BA21BA55F350062C75B /* PopupViewController3.m in Sources */ = {isa = PBXBuildFile; fileRef = 766A9BA11BA55F350062C75B /* PopupViewController3.m */; };
		76ACB5541BA2934D00A09710 /* main.m in Sources */ = {isa = PBXBuildFile; fileRef = 76ACB5531BA2934D00A09710 /* main.m */; };
		76ACB5571BA2934D00A09710 /* AppDelegate.m in Sources */ = {isa = PBXBuildFile; fileRef = 76ACB5561BA2934D00A09710 /* AppDelegate.m */; };
		76ACB55A1BA2934D00A09710 /* ViewController.m in Sources */ = {isa = PBXBuildFile; fileRef = 76ACB5591BA2934D00A09710 /* ViewController.m */; };
		76ACB55D1BA2934D00A09710 /* Main.storyboard in Resources */ = {isa = PBXBuildFile; fileRef = 76ACB55B1BA2934D00A09710 /* Main.storyboard */; };
		76ACB55F1BA2934D00A09710 /* Images.xcassets in Resources */ = {isa = PBXBuildFile; fileRef = 76ACB55E1BA2934D00A09710 /* Images.xcassets */; };
		76ACB5621BA2934D00A09710 /* LaunchScreen.xib in Resources */ = {isa = PBXBuildFile; fileRef = 76ACB5601BA2934D00A09710 /* LaunchScreen.xib */; };
		76ACB5831BA2BE7500A09710 /* PopupViewController1.m in Sources */ = {isa = PBXBuildFile; fileRef = 76ACB5821BA2BE7500A09710 /* PopupViewController1.m */; };
		76ACB5861BA2BE8100A09710 /* PopupViewController2.m in Sources */ = {isa = PBXBuildFile; fileRef = 76ACB5851BA2BE8100A09710 /* PopupViewController2.m */; };
/* End PBXBuildFile section */

/* Begin PBXContainerItemProxy section */
		0A46DC9A1C48AF270092C76B /* PBXContainerItemProxy */ = {
			isa = PBXContainerItemProxy;
			containerPortal = 76D8227C1C1DBDB800FCF988 /* STPopup.xcodeproj */;
			proxyType = 1;
			remoteGlobalIDString = 76D822371C1DB5E400FCF988;
			remoteInfo = STPopup;
		};
		76D822801C1DBDB800FCF988 /* PBXContainerItemProxy */ = {
			isa = PBXContainerItemProxy;
			containerPortal = 76D8227C1C1DBDB800FCF988 /* STPopup.xcodeproj */;
			proxyType = 2;
			remoteGlobalIDString = 76D822381C1DB5E400FCF988;
			remoteInfo = STPopup;
		};
		76D822821C1DBDDC00FCF988 /* PBXContainerItemProxy */ = {
			isa = PBXContainerItemProxy;
			containerPortal = 76D8227C1C1DBDB800FCF988 /* STPopup.xcodeproj */;
			proxyType = 1;
			remoteGlobalIDString = 76D822371C1DB5E400FCF988;
			remoteInfo = STPopup;
		};
/* End PBXContainerItemProxy section */

/* Begin PBXCopyFilesBuildPhase section */
		0A46DC9C1C48AF270092C76B /* Embed Frameworks */ = {
			isa = PBXCopyFilesBuildPhase;
			buildActionMask = 2147483647;
			dstPath = "";
			dstSubfolderSpec = 10;
			files = (
				0A46DC991C48AF270092C76B /* STPopup.framework in Embed Frameworks */,
			);
			name = "Embed Frameworks";
			runOnlyForDeploymentPostprocessing = 0;
		};
/* End PBXCopyFilesBuildPhase section */

/* Begin PBXFileReference section */
		763128D01BCA9EE8009C5D7E /* BottomSheetDemoViewController.h */ = {isa = PBXFileReference; fileEncoding = 4; lastKnownFileType = sourcecode.c.h; path = BottomSheetDemoViewController.h; sourceTree = "<group>"; };
		763128D11BCA9EE8009C5D7E /* BottomSheetDemoViewController.m */ = {isa = PBXFileReference; fileEncoding = 4; lastKnownFileType = sourcecode.c.objc; path = BottomSheetDemoViewController.m; sourceTree = "<group>"; };
		763128D31BCAA3C5009C5D7E /* MultiSelectionViewController.h */ = {isa = PBXFileReference; fileEncoding = 4; lastKnownFileType = sourcecode.c.h; path = MultiSelectionViewController.h; sourceTree = "<group>"; };
		763128D41BCAA3C5009C5D7E /* MultiSelectionViewController.m */ = {isa = PBXFileReference; fileEncoding = 4; lastKnownFileType = sourcecode.c.objc; path = MultiSelectionViewController.m; sourceTree = "<group>"; };
		766A9BA01BA55F350062C75B /* PopupViewController3.h */ = {isa = PBXFileReference; fileEncoding = 4; lastKnownFileType = sourcecode.c.h; path = PopupViewController3.h; sourceTree = "<group>"; };
		766A9BA11BA55F350062C75B /* PopupViewController3.m */ = {isa = PBXFileReference; fileEncoding = 4; lastKnownFileType = sourcecode.c.objc; path = PopupViewController3.m; sourceTree = "<group>"; };
		76ACB54E1BA2934D00A09710 /* STPopupExample.app */ = {isa = PBXFileReference; explicitFileType = wrapper.application; includeInIndex = 0; path = STPopupExample.app; sourceTree = BUILT_PRODUCTS_DIR; };
		76ACB5521BA2934D00A09710 /* Info.plist */ = {isa = PBXFileReference; lastKnownFileType = text.plist.xml; path = Info.plist; sourceTree = "<group>"; };
		76ACB5531BA2934D00A09710 /* main.m */ = {isa = PBXFileReference; lastKnownFileType = sourcecode.c.objc; path = main.m; sourceTree = "<group>"; };
		76ACB5551BA2934D00A09710 /* AppDelegate.h */ = {isa = PBXFileReference; lastKnownFileType = sourcecode.c.h; path = AppDelegate.h; sourceTree = "<group>"; };
		76ACB5561BA2934D00A09710 /* AppDelegate.m */ = {isa = PBXFileReference; lastKnownFileType = sourcecode.c.objc; path = AppDelegate.m; sourceTree = "<group>"; };
		76ACB5581BA2934D00A09710 /* ViewController.h */ = {isa = PBXFileReference; lastKnownFileType = sourcecode.c.h; path = ViewController.h; sourceTree = "<group>"; };
		76ACB5591BA2934D00A09710 /* ViewController.m */ = {isa = PBXFileReference; lastKnownFileType = sourcecode.c.objc; path = ViewController.m; sourceTree = "<group>"; };
		76ACB55C1BA2934D00A09710 /* Base */ = {isa = PBXFileReference; lastKnownFileType = file.storyboard; name = Base; path = Base.lproj/Main.storyboard; sourceTree = "<group>"; };
		76ACB55E1BA2934D00A09710 /* Images.xcassets */ = {isa = PBXFileReference; lastKnownFileType = folder.assetcatalog; path = Images.xcassets; sourceTree = "<group>"; };
		76ACB5611BA2934D00A09710 /* Base */ = {isa = PBXFileReference; lastKnownFileType = file.xib; name = Base; path = Base.lproj/LaunchScreen.xib; sourceTree = "<group>"; };
		76ACB5811BA2BE7500A09710 /* PopupViewController1.h */ = {isa = PBXFileReference; fileEncoding = 4; lastKnownFileType = sourcecode.c.h; path = PopupViewController1.h; sourceTree = "<group>"; };
		76ACB5821BA2BE7500A09710 /* PopupViewController1.m */ = {isa = PBXFileReference; fileEncoding = 4; lastKnownFileType = sourcecode.c.objc; path = PopupViewController1.m; sourceTree = "<group>"; };
		76ACB5841BA2BE8100A09710 /* PopupViewController2.h */ = {isa = PBXFileReference; fileEncoding = 4; lastKnownFileType = sourcecode.c.h; path = PopupViewController2.h; sourceTree = "<group>"; };
		76ACB5851BA2BE8100A09710 /* PopupViewController2.m */ = {isa = PBXFileReference; fileEncoding = 4; lastKnownFileType = sourcecode.c.objc; path = PopupViewController2.m; sourceTree = "<group>"; };
		76D8227C1C1DBDB800FCF988 /* STPopup.xcodeproj */ = {isa = PBXFileReference; lastKnownFileType = "wrapper.pb-project"; name = STPopup.xcodeproj; path = ../STPopup.xcodeproj; sourceTree = "<group>"; };
/* End PBXFileReference section */

/* Begin PBXFrameworksBuildPhase section */
		76ACB54B1BA2934D00A09710 /* Frameworks */ = {
			isa = PBXFrameworksBuildPhase;
			buildActionMask = 2147483647;
			files = (
				0A46DC981C48AF270092C76B /* STPopup.framework in Frameworks */,
			);
			runOnlyForDeploymentPostprocessing = 0;
		};
/* End PBXFrameworksBuildPhase section */

/* Begin PBXGroup section */
		76ACB5451BA2934D00A09710 = {
			isa = PBXGroup;
			children = (
				76D8227C1C1DBDB800FCF988 /* STPopup.xcodeproj */,
				76ACB5501BA2934D00A09710 /* STPopupExample */,
				76ACB54F1BA2934D00A09710 /* Products */,
			);
			sourceTree = "<group>";
		};
		76ACB54F1BA2934D00A09710 /* Products */ = {
			isa = PBXGroup;
			children = (
				76ACB54E1BA2934D00A09710 /* STPopupExample.app */,
			);
			name = Products;
			sourceTree = "<group>";
		};
		76ACB5501BA2934D00A09710 /* STPopupExample */ = {
			isa = PBXGroup;
			children = (
				76ACB5551BA2934D00A09710 /* AppDelegate.h */,
				76ACB5561BA2934D00A09710 /* AppDelegate.m */,
				76ACB5581BA2934D00A09710 /* ViewController.h */,
				76ACB5591BA2934D00A09710 /* ViewController.m */,
				76ACB5811BA2BE7500A09710 /* PopupViewController1.h */,
				76ACB5821BA2BE7500A09710 /* PopupViewController1.m */,
				76ACB5841BA2BE8100A09710 /* PopupViewController2.h */,
				76ACB5851BA2BE8100A09710 /* PopupViewController2.m */,
				766A9BA01BA55F350062C75B /* PopupViewController3.h */,
				766A9BA11BA55F350062C75B /* PopupViewController3.m */,
				763128D01BCA9EE8009C5D7E /* BottomSheetDemoViewController.h */,
				763128D11BCA9EE8009C5D7E /* BottomSheetDemoViewController.m */,
				763128D31BCAA3C5009C5D7E /* MultiSelectionViewController.h */,
				763128D41BCAA3C5009C5D7E /* MultiSelectionViewController.m */,
				76ACB55B1BA2934D00A09710 /* Main.storyboard */,
				76ACB55E1BA2934D00A09710 /* Images.xcassets */,
				76ACB5601BA2934D00A09710 /* LaunchScreen.xib */,
				76ACB5511BA2934D00A09710 /* Supporting Files */,
			);
			path = STPopupExample;
			sourceTree = "<group>";
		};
		76ACB5511BA2934D00A09710 /* Supporting Files */ = {
			isa = PBXGroup;
			children = (
				76ACB5521BA2934D00A09710 /* Info.plist */,
				76ACB5531BA2934D00A09710 /* main.m */,
			);
			name = "Supporting Files";
			sourceTree = "<group>";
		};
		76D8227D1C1DBDB800FCF988 /* Products */ = {
			isa = PBXGroup;
			children = (
				76D822811C1DBDB800FCF988 /* STPopup.framework */,
			);
			name = Products;
			sourceTree = "<group>";
		};
/* End PBXGroup section */

/* Begin PBXNativeTarget section */
		76ACB54D1BA2934D00A09710 /* STPopupExample */ = {
			isa = PBXNativeTarget;
			buildConfigurationList = 76ACB5711BA2934D00A09710 /* Build configuration list for PBXNativeTarget "STPopupExample" */;
			buildPhases = (
				76ACB54A1BA2934D00A09710 /* Sources */,
				76ACB54B1BA2934D00A09710 /* Frameworks */,
				76ACB54C1BA2934D00A09710 /* Resources */,
				0A46DC9C1C48AF270092C76B /* Embed Frameworks */,
			);
			buildRules = (
			);
			dependencies = (
				76D822831C1DBDDC00FCF988 /* PBXTargetDependency */,
				0A46DC9B1C48AF270092C76B /* PBXTargetDependency */,
			);
			name = STPopupExample;
			productName = STPopupExample;
			productReference = 76ACB54E1BA2934D00A09710 /* STPopupExample.app */;
			productType = "com.apple.product-type.application";
		};
/* End PBXNativeTarget section */

/* Begin PBXProject section */
		76ACB5461BA2934D00A09710 /* Project object */ = {
			isa = PBXProject;
			attributes = {
				LastUpgradeCheck = 0800;
				ORGANIZATIONNAME = Sth4Me;
				TargetAttributes = {
					76ACB54D1BA2934D00A09710 = {
						CreatedOnToolsVersion = 6.4;
					};
				};
			};
			buildConfigurationList = 76ACB5491BA2934D00A09710 /* Build configuration list for PBXProject "STPopupExample" */;
			compatibilityVersion = "Xcode 3.2";
			developmentRegion = English;
			hasScannedForEncodings = 0;
			knownRegions = (
				en,
				Base,
			);
			mainGroup = 76ACB5451BA2934D00A09710;
			productRefGroup = 76ACB54F1BA2934D00A09710 /* Products */;
			projectDirPath = "";
			projectReferences = (
				{
					ProductGroup = 76D8227D1C1DBDB800FCF988 /* Products */;
					ProjectRef = 76D8227C1C1DBDB800FCF988 /* STPopup.xcodeproj */;
				},
			);
			projectRoot = "";
			targets = (
				76ACB54D1BA2934D00A09710 /* STPopupExample */,
			);
		};
/* End PBXProject section */

/* Begin PBXReferenceProxy section */
		76D822811C1DBDB800FCF988 /* STPopup.framework */ = {
			isa = PBXReferenceProxy;
			fileType = wrapper.framework;
			path = STPopup.framework;
			remoteRef = 76D822801C1DBDB800FCF988 /* PBXContainerItemProxy */;
			sourceTree = BUILT_PRODUCTS_DIR;
		};
/* End PBXReferenceProxy section */

/* Begin PBXResourcesBuildPhase section */
		76ACB54C1BA2934D00A09710 /* Resources */ = {
			isa = PBXResourcesBuildPhase;
			buildActionMask = 2147483647;
			files = (
				76ACB55D1BA2934D00A09710 /* Main.storyboard in Resources */,
				76ACB5621BA2934D00A09710 /* LaunchScreen.xib in Resources */,
				76ACB55F1BA2934D00A09710 /* Images.xcassets in Resources */,
			);
			runOnlyForDeploymentPostprocessing = 0;
		};
/* End PBXResourcesBuildPhase section */

/* Begin PBXSourcesBuildPhase section */
		76ACB54A1BA2934D00A09710 /* Sources */ = {
			isa = PBXSourcesBuildPhase;
			buildActionMask = 2147483647;
			files = (
				76ACB5861BA2BE8100A09710 /* PopupViewController2.m in Sources */,
				763128D21BCA9EE8009C5D7E /* BottomSheetDemoViewController.m in Sources */,
				76ACB5831BA2BE7500A09710 /* PopupViewController1.m in Sources */,
				763128D51BCAA3C5009C5D7E /* MultiSelectionViewController.m in Sources */,
				766A9BA21BA55F350062C75B /* PopupViewController3.m in Sources */,
				76ACB55A1BA2934D00A09710 /* ViewController.m in Sources */,
				76ACB5571BA2934D00A09710 /* AppDelegate.m in Sources */,
				76ACB5541BA2934D00A09710 /* main.m in Sources */,
			);
			runOnlyForDeploymentPostprocessing = 0;
		};
/* End PBXSourcesBuildPhase section */

/* Begin PBXTargetDependency section */
		0A46DC9B1C48AF270092C76B /* PBXTargetDependency */ = {
			isa = PBXTargetDependency;
			name = STPopup;
			targetProxy = 0A46DC9A1C48AF270092C76B /* PBXContainerItemProxy */;
		};
		76D822831C1DBDDC00FCF988 /* PBXTargetDependency */ = {
			isa = PBXTargetDependency;
			name = STPopup;
			targetProxy = 76D822821C1DBDDC00FCF988 /* PBXContainerItemProxy */;
		};
/* End PBXTargetDependency section */

/* Begin PBXVariantGroup section */
		76ACB55B1BA2934D00A09710 /* Main.storyboard */ = {
			isa = PBXVariantGroup;
			children = (
				76ACB55C1BA2934D00A09710 /* Base */,
			);
			name = Main.storyboard;
			sourceTree = "<group>";
		};
		76ACB5601BA2934D00A09710 /* LaunchScreen.xib */ = {
			isa = PBXVariantGroup;
			children = (
				76ACB5611BA2934D00A09710 /* Base */,
			);
			name = LaunchScreen.xib;
			sourceTree = "<group>";
		};
/* End PBXVariantGroup section */

/* Begin XCBuildConfiguration section */
		76ACB56F1BA2934D00A09710 /* Debug */ = {
			isa = XCBuildConfiguration;
			buildSettings = {
				ALWAYS_SEARCH_USER_PATHS = NO;
				CLANG_CXX_LANGUAGE_STANDARD = "gnu++0x";
				CLANG_CXX_LIBRARY = "libc++";
				CLANG_ENABLE_MODULES = YES;
				CLANG_ENABLE_OBJC_ARC = YES;
				CLANG_WARN_BOOL_CONVERSION = YES;
				CLANG_WARN_CONSTANT_CONVERSION = YES;
				CLANG_WARN_DIRECT_OBJC_ISA_USAGE = YES_ERROR;
				CLANG_WARN_EMPTY_BODY = YES;
				CLANG_WARN_ENUM_CONVERSION = YES;
				CLANG_WARN_INFINITE_RECURSION = YES;
				CLANG_WARN_INT_CONVERSION = YES;
				CLANG_WARN_OBJC_ROOT_CLASS = YES_ERROR;
				CLANG_WARN_SUSPICIOUS_MOVE = YES;
				CLANG_WARN_UNREACHABLE_CODE = YES;
				CLANG_WARN__DUPLICATE_METHOD_MATCH = YES;
				"CODE_SIGN_IDENTITY[sdk=iphoneos*]" = "iPhone Developer";
				COPY_PHASE_STRIP = NO;
				DEBUG_INFORMATION_FORMAT = "dwarf-with-dsym";
				ENABLE_STRICT_OBJC_MSGSEND = YES;
				ENABLE_TESTABILITY = YES;
				GCC_C_LANGUAGE_STANDARD = gnu99;
				GCC_DYNAMIC_NO_PIC = NO;
				GCC_NO_COMMON_BLOCKS = YES;
				GCC_OPTIMIZATION_LEVEL = 0;
				GCC_PREPROCESSOR_DEFINITIONS = (
					"DEBUG=1",
					"$(inherited)",
				);
				GCC_SYMBOLS_PRIVATE_EXTERN = NO;
				GCC_WARN_64_TO_32_BIT_CONVERSION = YES;
				GCC_WARN_ABOUT_RETURN_TYPE = YES_ERROR;
				GCC_WARN_UNDECLARED_SELECTOR = YES;
				GCC_WARN_UNINITIALIZED_AUTOS = YES_AGGRESSIVE;
				GCC_WARN_UNUSED_FUNCTION = YES;
				GCC_WARN_UNUSED_VARIABLE = YES;
				IPHONEOS_DEPLOYMENT_TARGET = 8.0;
				MTL_ENABLE_DEBUG_INFO = YES;
				ONLY_ACTIVE_ARCH = YES;
				SDKROOT = iphoneos;
				TARGETED_DEVICE_FAMILY = "1,2";
			};
			name = Debug;
		};
		76ACB5701BA2934D00A09710 /* Release */ = {
			isa = XCBuildConfiguration;
			buildSettings = {
				ALWAYS_SEARCH_USER_PATHS = NO;
				CLANG_CXX_LANGUAGE_STANDARD = "gnu++0x";
				CLANG_CXX_LIBRARY = "libc++";
				CLANG_ENABLE_MODULES = YES;
				CLANG_ENABLE_OBJC_ARC = YES;
				CLANG_WARN_BOOL_CONVERSION = YES;
				CLANG_WARN_CONSTANT_CONVERSION = YES;
				CLANG_WARN_DIRECT_OBJC_ISA_USAGE = YES_ERROR;
				CLANG_WARN_EMPTY_BODY = YES;
				CLANG_WARN_ENUM_CONVERSION = YES;
				CLANG_WARN_INFINITE_RECURSION = YES;
				CLANG_WARN_INT_CONVERSION = YES;
				CLANG_WARN_OBJC_ROOT_CLASS = YES_ERROR;
				CLANG_WARN_SUSPICIOUS_MOVE = YES;
				CLANG_WARN_UNREACHABLE_CODE = YES;
				CLANG_WARN__DUPLICATE_METHOD_MATCH = YES;
				"CODE_SIGN_IDENTITY[sdk=iphoneos*]" = "iPhone Developer";
				COPY_PHASE_STRIP = NO;
				DEBUG_INFORMATION_FORMAT = "dwarf-with-dsym";
				ENABLE_NS_ASSERTIONS = NO;
				ENABLE_STRICT_OBJC_MSGSEND = YES;
				GCC_C_LANGUAGE_STANDARD = gnu99;
				GCC_NO_COMMON_BLOCKS = YES;
				GCC_WARN_64_TO_32_BIT_CONVERSION = YES;
				GCC_WARN_ABOUT_RETURN_TYPE = YES_ERROR;
				GCC_WARN_UNDECLARED_SELECTOR = YES;
				GCC_WARN_UNINITIALIZED_AUTOS = YES_AGGRESSIVE;
				GCC_WARN_UNUSED_FUNCTION = YES;
				GCC_WARN_UNUSED_VARIABLE = YES;
				IPHONEOS_DEPLOYMENT_TARGET = 8.0;
				MTL_ENABLE_DEBUG_INFO = NO;
				SDKROOT = iphoneos;
				TARGETED_DEVICE_FAMILY = "1,2";
				VALIDATE_PRODUCT = YES;
			};
			name = Release;
		};
		76ACB5721BA2934D00A09710 /* Debug */ = {
			isa = XCBuildConfiguration;
			buildSettings = {
				ASSETCATALOG_COMPILER_APPICON_NAME = AppIcon;
				INFOPLIST_FILE = STPopupExample/Info.plist;
				IPHONEOS_DEPLOYMENT_TARGET = 8.0;
				LD_RUNPATH_SEARCH_PATHS = "$(inherited) @executable_path/Frameworks";
				PRODUCT_BUNDLE_IDENTIFIER = "me.sth4.$(PRODUCT_NAME:rfc1034identifier)";
				PRODUCT_NAME = STPopupExample;
			};
			name = Debug;
		};
		76ACB5731BA2934D00A09710 /* Release */ = {
			isa = XCBuildConfiguration;
			buildSettings = {
				ASSETCATALOG_COMPILER_APPICON_NAME = AppIcon;
				INFOPLIST_FILE = STPopupExample/Info.plist;
				IPHONEOS_DEPLOYMENT_TARGET = 8.0;
				LD_RUNPATH_SEARCH_PATHS = "$(inherited) @executable_path/Frameworks";
				PRODUCT_BUNDLE_IDENTIFIER = "me.sth4.$(PRODUCT_NAME:rfc1034identifier)";
				PRODUCT_NAME = STPopupExample;
			};
			name = Release;
		};
/* End XCBuildConfiguration section */

/* Begin XCConfigurationList section */
		76ACB5491BA2934D00A09710 /* Build configuration list for PBXProject "STPopupExample" */ = {
			isa = XCConfigurationList;
			buildConfigurations = (
				76ACB56F1BA2934D00A09710 /* Debug */,
				76ACB5701BA2934D00A09710 /* Release */,
			);
			defaultConfigurationIsVisible = 0;
			defaultConfigurationName = Release;
		};
		76ACB5711BA2934D00A09710 /* Build configuration list for PBXNativeTarget "STPopupExample" */ = {
			isa = XCConfigurationList;
			buildConfigurations = (
				76ACB5721BA2934D00A09710 /* Debug */,
				76ACB5731BA2934D00A09710 /* Release */,
			);
			defaultConfigurationIsVisible = 0;
			defaultConfigurationName = Release;
		};
/* End XCConfigurationList section */
	};
	rootObject = 76ACB5461BA2934D00A09710 /* Project object */;
}
